// !$*UTF8*$!
{
	archiveVersion = 1;
	classes = {
	};
	objectVersion = 46;
	objects = {

/* Begin PBXBuildFile section */
		8C9E0CC21C7270CA00EE6803 /* AppDelegate.swift in Sources */ = {isa = PBXBuildFile; fileRef = 8C9E0CC11C7270CA00EE6803 /* AppDelegate.swift */; };
		8C9E0CC41C7270CA00EE6803 /* ViewController.swift in Sources */ = {isa = PBXBuildFile; fileRef = 8C9E0CC31C7270CA00EE6803 /* ViewController.swift */; };
		8C9E0CC71C7270CA00EE6803 /* Main.storyboard in Resources */ = {isa = PBXBuildFile; fileRef = 8C9E0CC51C7270CA00EE6803 /* Main.storyboard */; };
		8C9E0CC91C7270CB00EE6803 /* Assets.xcassets in Resources */ = {isa = PBXBuildFile; fileRef = 8C9E0CC81C7270CB00EE6803 /* Assets.xcassets */; };
		8C9E0CCC1C7270CB00EE6803 /* LaunchScreen.storyboard in Resources */ = {isa = PBXBuildFile; fileRef = 8C9E0CCA1C7270CB00EE6803 /* LaunchScreen.storyboard */; };
		8C9E0CD71C7270CB00EE6803 /* RecordingTests.swift in Sources */ = {isa = PBXBuildFile; fileRef = 8C9E0CD61C7270CB00EE6803 /* RecordingTests.swift */; };
		8C9E0CE21C7270CB00EE6803 /* RecordingUITests.swift in Sources */ = {isa = PBXBuildFile; fileRef = 8C9E0CE11C7270CB00EE6803 /* RecordingUITests.swift */; };
/* End PBXBuildFile section */

/* Begin PBXContainerItemProxy section */
		8C9E0CD31C7270CB00EE6803 /* PBXContainerItemProxy */ = {
			isa = PBXContainerItemProxy;
			containerPortal = 8C9E0CB61C7270CA00EE6803 /* Project object */;
			proxyType = 1;
			remoteGlobalIDString = 8C9E0CBD1C7270CA00EE6803;
			remoteInfo = Recording;
		};
		8C9E0CDE1C7270CB00EE6803 /* PBXContainerItemProxy */ = {
			isa = PBXContainerItemProxy;
			containerPortal = 8C9E0CB61C7270CA00EE6803 /* Project object */;
			proxyType = 1;
			remoteGlobalIDString = 8C9E0CBD1C7270CA00EE6803;
			remoteInfo = Recording;
		};
/* End PBXContainerItemProxy section */

/* Begin PBXFileReference section */
		8C9E0CBE1C7270CA00EE6803 /* Recording.app */ = {isa = PBXFileReference; explicitFileType = wrapper.application; includeInIndex = 0; path = Recording.app; sourceTree = BUILT_PRODUCTS_DIR; };
		8C9E0CC11C7270CA00EE6803 /* AppDelegate.swift */ = {isa = PBXFileReference; lastKnownFileType = sourcecode.swift; path = AppDelegate.swift; sourceTree = "<group>"; };
		8C9E0CC31C7270CA00EE6803 /* ViewController.swift */ = {isa = PBXFileReference; lastKnownFileType = sourcecode.swift; path = ViewController.swift; sourceTree = "<group>"; };
		8C9E0CC61C7270CA00EE6803 /* Base */ = {isa = PBXFileReference; lastKnownFileType = file.storyboard; name = Base; path = Base.lproj/Main.storyboard; sourceTree = "<group>"; };
		8C9E0CC81C7270CB00EE6803 /* Assets.xcassets */ = {isa = PBXFileReference; lastKnownFileType = folder.assetcatalog; path = Assets.xcassets; sourceTree = "<group>"; };
		8C9E0CCB1C7270CB00EE6803 /* Base */ = {isa = PBXFileReference; lastKnownFileType = file.storyboard; name = Base; path = Base.lproj/LaunchScreen.storyboard; sourceTree = "<group>"; };
		8C9E0CCD1C7270CB00EE6803 /* Info.plist */ = {isa = PBXFileReference; lastKnownFileType = text.plist.xml; path = Info.plist; sourceTree = "<group>"; };
		8C9E0CD21C7270CB00EE6803 /* RecordingTests.xctest */ = {isa = PBXFileReference; explicitFileType = wrapper.cfbundle; includeInIndex = 0; path = RecordingTests.xctest; sourceTree = BUILT_PRODUCTS_DIR; };
		8C9E0CD61C7270CB00EE6803 /* RecordingTests.swift */ = {isa = PBXFileReference; lastKnownFileType = sourcecode.swift; path = RecordingTests.swift; sourceTree = "<group>"; };
		8C9E0CD81C7270CB00EE6803 /* Info.plist */ = {isa = PBXFileReference; lastKnownFileType = text.plist.xml; path = Info.plist; sourceTree = "<group>"; };
		8C9E0CDD1C7270CB00EE6803 /* RecordingUITests.xctest */ = {isa = PBXFileReference; explicitFileType = wrapper.cfbundle; includeInIndex = 0; path = RecordingUITests.xctest; sourceTree = BUILT_PRODUCTS_DIR; };
		8C9E0CE11C7270CB00EE6803 /* RecordingUITests.swift */ = {isa = PBXFileReference; lastKnownFileType = sourcecode.swift; path = RecordingUITests.swift; sourceTree = "<group>"; };
		8C9E0CE31C7270CB00EE6803 /* Info.plist */ = {isa = PBXFileReference; lastKnownFileType = text.plist.xml; path = Info.plist; sourceTree = "<group>"; };
/* End PBXFileReference section */

/* Begin PBXFrameworksBuildPhase section */
		8C9E0CBB1C7270CA00EE6803 /* Frameworks */ = {
			isa = PBXFrameworksBuildPhase;
			buildActionMask = 2147483647;
			files = (
			);
			runOnlyForDeploymentPostprocessing = 0;
		};
		8C9E0CCF1C7270CB00EE6803 /* Frameworks */ = {
			isa = PBXFrameworksBuildPhase;
			buildActionMask = 2147483647;
			files = (
			);
			runOnlyForDeploymentPostprocessing = 0;
		};
		8C9E0CDA1C7270CB00EE6803 /* Frameworks */ = {
			isa = PBXFrameworksBuildPhase;
			buildActionMask = 2147483647;
			files = (
			);
			runOnlyForDeploymentPostprocessing = 0;
		};
/* End PBXFrameworksBuildPhase section */

/* Begin PBXGroup section */
		8C9E0CB51C7270CA00EE6803 = {
			isa = PBXGroup;
			children = (
				8C9E0CC01C7270CA00EE6803 /* Recording */,
				8C9E0CD51C7270CB00EE6803 /* RecordingTests */,
				8C9E0CE01C7270CB00EE6803 /* RecordingUITests */,
				8C9E0CBF1C7270CA00EE6803 /* Products */,
			);
			sourceTree = "<group>";
		};
		8C9E0CBF1C7270CA00EE6803 /* Products */ = {
			isa = PBXGroup;
			children = (
				8C9E0CBE1C7270CA00EE6803 /* Recording.app */,
				8C9E0CD21C7270CB00EE6803 /* RecordingTests.xctest */,
				8C9E0CDD1C7270CB00EE6803 /* RecordingUITests.xctest */,
			);
			name = Products;
			sourceTree = "<group>";
		};
		8C9E0CC01C7270CA00EE6803 /* Recording */ = {
			isa = PBXGroup;
			children = (
				8C9E0CC11C7270CA00EE6803 /* AppDelegate.swift */,
				8C9E0CC31C7270CA00EE6803 /* ViewController.swift */,
				8C9E0CC51C7270CA00EE6803 /* Main.storyboard */,
				8C9E0CC81C7270CB00EE6803 /* Assets.xcassets */,
				8C9E0CCA1C7270CB00EE6803 /* LaunchScreen.storyboard */,
				8C9E0CCD1C7270CB00EE6803 /* Info.plist */,
			);
			path = Recording;
			sourceTree = "<group>";
		};
		8C9E0CD51C7270CB00EE6803 /* RecordingTests */ = {
			isa = PBXGroup;
			children = (
				8C9E0CD61C7270CB00EE6803 /* RecordingTests.swift */,
				8C9E0CD81C7270CB00EE6803 /* Info.plist */,
			);
			path = RecordingTests;
			sourceTree = "<group>";
		};
		8C9E0CE01C7270CB00EE6803 /* RecordingUITests */ = {
			isa = PBXGroup;
			children = (
				8C9E0CE11C7270CB00EE6803 /* RecordingUITests.swift */,
				8C9E0CE31C7270CB00EE6803 /* Info.plist */,
			);
			path = RecordingUITests;
			sourceTree = "<group>";
		};
/* End PBXGroup section */

/* Begin PBXNativeTarget section */
		8C9E0CBD1C7270CA00EE6803 /* Recording */ = {
			isa = PBXNativeTarget;
			buildConfigurationList = 8C9E0CE61C7270CB00EE6803 /* Build configuration list for PBXNativeTarget "Recording" */;
			buildPhases = (
				8C9E0CBA1C7270CA00EE6803 /* Sources */,
				8C9E0CBB1C7270CA00EE6803 /* Frameworks */,
				8C9E0CBC1C7270CA00EE6803 /* Resources */,
			);
			buildRules = (
			);
			dependencies = (
			);
			name = Recording;
			productName = Recording;
			productReference = 8C9E0CBE1C7270CA00EE6803 /* Recording.app */;
			productType = "com.apple.product-type.application";
		};
		8C9E0CD11C7270CB00EE6803 /* RecordingTests */ = {
			isa = PBXNativeTarget;
			buildConfigurationList = 8C9E0CE91C7270CB00EE6803 /* Build configuration list for PBXNativeTarget "RecordingTests" */;
			buildPhases = (
				8C9E0CCE1C7270CB00EE6803 /* Sources */,
				8C9E0CCF1C7270CB00EE6803 /* Frameworks */,
				8C9E0CD01C7270CB00EE6803 /* Resources */,
			);
			buildRules = (
			);
			dependencies = (
				8C9E0CD41C7270CB00EE6803 /* PBXTargetDependency */,
			);
			name = RecordingTests;
			productName = RecordingTests;
			productReference = 8C9E0CD21C7270CB00EE6803 /* RecordingTests.xctest */;
			productType = "com.apple.product-type.bundle.unit-test";
		};
		8C9E0CDC1C7270CB00EE6803 /* RecordingUITests */ = {
			isa = PBXNativeTarget;
			buildConfigurationList = 8C9E0CEC1C7270CB00EE6803 /* Build configuration list for PBXNativeTarget "RecordingUITests" */;
			buildPhases = (
				8C9E0CD91C7270CB00EE6803 /* Sources */,
				8C9E0CDA1C7270CB00EE6803 /* Frameworks */,
				8C9E0CDB1C7270CB00EE6803 /* Resources */,
			);
			buildRules = (
			);
			dependencies = (
				8C9E0CDF1C7270CB00EE6803 /* PBXTargetDependency */,
			);
			name = RecordingUITests;
			productName = RecordingUITests;
			productReference = 8C9E0CDD1C7270CB00EE6803 /* RecordingUITests.xctest */;
			productType = "com.apple.product-type.bundle.ui-testing";
		};
/* End PBXNativeTarget section */

/* Begin PBXProject section */
		8C9E0CB61C7270CA00EE6803 /* Project object */ = {
			isa = PBXProject;
			attributes = {
				LastSwiftUpdateCheck = 0720;
				LastUpgradeCheck = 0720;
				ORGANIZATIONNAME = "Michelle Lee";
				TargetAttributes = {
					8C9E0CBD1C7270CA00EE6803 = {
						CreatedOnToolsVersion = 7.2.1;
					};
					8C9E0CD11C7270CB00EE6803 = {
						CreatedOnToolsVersion = 7.2.1;
						TestTargetID = 8C9E0CBD1C7270CA00EE6803;
					};
					8C9E0CDC1C7270CB00EE6803 = {
						CreatedOnToolsVersion = 7.2.1;
						TestTargetID = 8C9E0CBD1C7270CA00EE6803;
					};
				};
			};
			buildConfigurationList = 8C9E0CB91C7270CA00EE6803 /* Build configuration list for PBXProject "Recording" */;
			compatibilityVersion = "Xcode 3.2";
			developmentRegion = English;
			hasScannedForEncodings = 0;
			knownRegions = (
				en,
				Base,
			);
			mainGroup = 8C9E0CB51C7270CA00EE6803;
			productRefGroup = 8C9E0CBF1C7270CA00EE6803 /* Products */;
			projectDirPath = "";
			projectRoot = "";
			targets = (
				8C9E0CBD1C7270CA00EE6803 /* Recording */,
				8C9E0CD11C7270CB00EE6803 /* RecordingTests */,
				8C9E0CDC1C7270CB00EE6803 /* RecordingUITests */,
			);
		};
/* End PBXProject section */

/* Begin PBXResourcesBuildPhase section */
		8C9E0CBC1C7270CA00EE6803 /* Resources */ = {
			isa = PBXResourcesBuildPhase;
			buildActionMask = 2147483647;
			files = (
				8C9E0CCC1C7270CB00EE6803 /* LaunchScreen.storyboard in Resources */,
				8C9E0CC91C7270CB00EE6803 /* Assets.xcassets in Resources */,
				8C9E0CC71C7270CA00EE6803 /* Main.storyboard in Resources */,
			);
			runOnlyForDeploymentPostprocessing = 0;
		};
		8C9E0CD01C7270CB00EE6803 /* Resources */ = {
			isa = PBXResourcesBuildPhase;
			buildActionMask = 2147483647;
			files = (
			);
			runOnlyForDeploymentPostprocessing = 0;
		};
		8C9E0CDB1C7270CB00EE6803 /* Resources */ = {
			isa = PBXResourcesBuildPhase;
			buildActionMask = 2147483647;
			files = (
			);
			runOnlyForDeploymentPostprocessing = 0;
		};
/* End PBXResourcesBuildPhase section */

/* Begin PBXSourcesBuildPhase section */
		8C9E0CBA1C7270CA00EE6803 /* Sources */ = {
			isa = PBXSourcesBuildPhase;
			buildActionMask = 2147483647;
			files = (
				8C9E0CC41C7270CA00EE6803 /* ViewController.swift in Sources */,
				8C9E0CC21C7270CA00EE6803 /* AppDelegate.swift in Sources */,
			);
			runOnlyForDeploymentPostprocessing = 0;
		};
		8C9E0CCE1C7270CB00EE6803 /* Sources */ = {
			isa = PBXSourcesBuildPhase;
			buildActionMask = 2147483647;
			files = (
				8C9E0CD71C7270CB00EE6803 /* RecordingTests.swift in Sources */,
			);
			runOnlyForDeploymentPostprocessing = 0;
		};
		8C9E0CD91C7270CB00EE6803 /* Sources */ = {
			isa = PBXSourcesBuildPhase;
			buildActionMask = 2147483647;
			files = (
				8C9E0CE21C7270CB00EE6803 /* RecordingUITests.swift in Sources */,
			);
			runOnlyForDeploymentPostprocessing = 0;
		};
/* End PBXSourcesBuildPhase section */

/* Begin PBXTargetDependency section */
		8C9E0CD41C7270CB00EE6803 /* PBXTargetDependency */ = {
			isa = PBXTargetDependency;
			target = 8C9E0CBD1C7270CA00EE6803 /* Recording */;
			targetProxy = 8C9E0CD31C7270CB00EE6803 /* PBXContainerItemProxy */;
		};
		8C9E0CDF1C7270CB00EE6803 /* PBXTargetDependency */ = {
			isa = PBXTargetDependency;
			target = 8C9E0CBD1C7270CA00EE6803 /* Recording */;
			targetProxy = 8C9E0CDE1C7270CB00EE6803 /* PBXContainerItemProxy */;
		};
/* End PBXTargetDependency section */

/* Begin PBXVariantGroup section */
		8C9E0CC51C7270CA00EE6803 /* Main.storyboard */ = {
			isa = PBXVariantGroup;
			children = (
				8C9E0CC61C7270CA00EE6803 /* Base */,
			);
			name = Main.storyboard;
			sourceTree = "<group>";
		};
		8C9E0CCA1C7270CB00EE6803 /* LaunchScreen.storyboard */ = {
			isa = PBXVariantGroup;
			children = (
				8C9E0CCB1C7270CB00EE6803 /* Base */,
			);
			name = LaunchScreen.storyboard;
			sourceTree = "<group>";
		};
/* End PBXVariantGroup section */

/* Begin XCBuildConfiguration section */
		8C9E0CE41C7270CB00EE6803 /* Debug */ = {
			isa = XCBuildConfiguration;
			buildSettings = {
				ALWAYS_SEARCH_USER_PATHS = NO;
				CLANG_CXX_LANGUAGE_STANDARD = "gnu++0x";
				CLANG_CXX_LIBRARY = "libc++";
				CLANG_ENABLE_MODULES = YES;
				CLANG_ENABLE_OBJC_ARC = YES;
				CLANG_WARN_BOOL_CONVERSION = YES;
				CLANG_WARN_CONSTANT_CONVERSION = YES;
				CLANG_WARN_DIRECT_OBJC_ISA_USAGE = YES_ERROR;
				CLANG_WARN_EMPTY_BODY = YES;
				CLANG_WARN_ENUM_CONVERSION = YES;
				CLANG_WARN_INT_CONVERSION = YES;
				CLANG_WARN_OBJC_ROOT_CLASS = YES_ERROR;
				CLANG_WARN_UNREACHABLE_CODE = YES;
				CLANG_WARN__DUPLICATE_METHOD_MATCH = YES;
				"CODE_SIGN_IDENTITY[sdk=iphoneos*]" = "iPhone Developer";
				COPY_PHASE_STRIP = NO;
				DEBUG_INFORMATION_FORMAT = dwarf;
				ENABLE_STRICT_OBJC_MSGSEND = YES;
				ENABLE_TESTABILITY = YES;
				GCC_C_LANGUAGE_STANDARD = gnu99;
				GCC_DYNAMIC_NO_PIC = NO;
				GCC_NO_COMMON_BLOCKS = YES;
				GCC_OPTIMIZATION_LEVEL = 0;
				GCC_PREPROCESSOR_DEFINITIONS = (
					"DEBUG=1",
					"$(inherited)",
				);
				GCC_WARN_64_TO_32_BIT_CONVERSION = YES;
				GCC_WARN_ABOUT_RETURN_TYPE = YES_ERROR;
				GCC_WARN_UNDECLARED_SELECTOR = YES;
				GCC_WARN_UNINITIALIZED_AUTOS = YES_AGGRESSIVE;
				GCC_WARN_UNUSED_FUNCTION = YES;
				GCC_WARN_UNUSED_VARIABLE = YES;
				IPHONEOS_DEPLOYMENT_TARGET = 9.2;
				MTL_ENABLE_DEBUG_INFO = YES;
				ONLY_ACTIVE_ARCH = YES;
				SDKROOT = iphoneos;
				SWIFT_OPTIMIZATION_LEVEL = "-Onone";
			};
			name = Debug;
		};
		8C9E0CE51C7270CB00EE6803 /* Release */ = {
			isa = XCBuildConfiguration;
			buildSettings = {
				ALWAYS_SEARCH_USER_PATHS = NO;
				CLANG_CXX_LANGUAGE_STANDARD = "gnu++0x";
				CLANG_CXX_LIBRARY = "libc++";
				CLANG_ENABLE_MODULES = YES;
				CLANG_ENABLE_OBJC_ARC = YES;
				CLANG_WARN_BOOL_CONVERSION = YES;
				CLANG_WARN_CONSTANT_CONVERSION = YES;
				CLANG_WARN_DIRECT_OBJC_ISA_USAGE = YES_ERROR;
				CLANG_WARN_EMPTY_BODY = YES;
				CLANG_WARN_ENUM_CONVERSION = YES;
				CLANG_WARN_INT_CONVERSION = YES;
				CLANG_WARN_OBJC_ROOT_CLASS = YES_ERROR;
				CLANG_WARN_UNREACHABLE_CODE = YES;
				CLANG_WARN__DUPLICATE_METHOD_MATCH = YES;
				"CODE_SIGN_IDENTITY[sdk=iphoneos*]" = "iPhone Developer";
				COPY_PHASE_STRIP = NO;
				DEBUG_INFORMATION_FORMAT = "dwarf-with-dsym";
				ENABLE_NS_ASSERTIONS = NO;
				ENABLE_STRICT_OBJC_MSGSEND = YES;
				GCC_C_LANGUAGE_STANDARD = gnu99;
				GCC_NO_COMMON_BLOCKS = YES;
				GCC_WARN_64_TO_32_BIT_CONVERSION = YES;
				GCC_WARN_ABOUT_RETURN_TYPE = YES_ERROR;
				GCC_WARN_UNDECLARED_SELECTOR = YES;
				GCC_WARN_UNINITIALIZED_AUTOS = YES_AGGRESSIVE;
				GCC_WARN_UNUSED_FUNCTION = YES;
				GCC_WARN_UNUSED_VARIABLE = YES;
				IPHONEOS_DEPLOYMENT_TARGET = 9.2;
				MTL_ENABLE_DEBUG_INFO = NO;
				SDKROOT = iphoneos;
				VALIDATE_PRODUCT = YES;
			};
			name = Release;
		};
		8C9E0CE71C7270CB00EE6803 /* Debug */ = {
			isa = XCBuildConfiguration;
			buildSettings = {
				ASSETCATALOG_COMPILER_APPICON_NAME = AppIcon;
				INFOPLIST_FILE = Recording/Info.plist;
				LD_RUNPATH_SEARCH_PATHS = "$(inherited) @executable_path/Frameworks";
				PRODUCT_BUNDLE_IDENTIFIER = com.michelle.Recording;
				PRODUCT_NAME = "$(TARGET_NAME)";
			};
			name = Debug;
		};
		8C9E0CE81C7270CB00EE6803 /* Release */ = {
			isa = XCBuildConfiguration;
			buildSettings = {
				ASSETCATALOG_COMPILER_APPICON_NAME = AppIcon;
				INFOPLIST_FILE = Recording/Info.plist;
				LD_RUNPATH_SEARCH_PATHS = "$(inherited) @executable_path/Frameworks";
				PRODUCT_BUNDLE_IDENTIFIER = com.michelle.Recording;
				PRODUCT_NAME = "$(TARGET_NAME)";
			};
			name = Release;
		};
		8C9E0CEA1C7270CB00EE6803 /* Debug */ = {
			isa = XCBuildConfiguration;
			buildSettings = {
				BUNDLE_LOADER = "$(TEST_HOST)";
				INFOPLIST_FILE = RecordingTests/Info.plist;
				LD_RUNPATH_SEARCH_PATHS = "$(inherited) @executable_path/Frameworks @loader_path/Frameworks";
				PRODUCT_BUNDLE_IDENTIFIER = com.michelle.RecordingTests;
				PRODUCT_NAME = "$(TARGET_NAME)";
				TEST_HOST = "$(BUILT_PRODUCTS_DIR)/Recording.app/Recording";
			};
			name = Debug;
		};
		8C9E0CEB1C7270CB00EE6803 /* Release */ = {
			isa = XCBuildConfiguration;
			buildSettings = {
				BUNDLE_LOADER = "$(TEST_HOST)";
				INFOPLIST_FILE = RecordingTests/Info.plist;
				LD_RUNPATH_SEARCH_PATHS = "$(inherited) @executable_path/Frameworks @loader_path/Frameworks";
				PRODUCT_BUNDLE_IDENTIFIER = com.michelle.RecordingTests;
				PRODUCT_NAME = "$(TARGET_NAME)";
				TEST_HOST = "$(BUILT_PRODUCTS_DIR)/Recording.app/Recording";
			};
			name = Release;
		};
		8C9E0CED1C7270CB00EE6803 /* Debug */ = {
			isa = XCBuildConfiguration;
			buildSettings = {
				INFOPLIST_FILE = RecordingUITests/Info.plist;
				LD_RUNPATH_SEARCH_PATHS = "$(inherited) @executable_path/Frameworks @loader_path/Frameworks";
				PRODUCT_BUNDLE_IDENTIFIER = com.michelle.RecordingUITests;
				PRODUCT_NAME = "$(TARGET_NAME)";
				TEST_TARGET_NAME = Recording;
				USES_XCTRUNNER = YES;
			};
			name = Debug;
		};
		8C9E0CEE1C7270CB00EE6803 /* Release */ = {
			isa = XCBuildConfiguration;
			buildSettings = {
				INFOPLIST_FILE = RecordingUITests/Info.plist;
				LD_RUNPATH_SEARCH_PATHS = "$(inherited) @executable_path/Frameworks @loader_path/Frameworks";
				PRODUCT_BUNDLE_IDENTIFIER = com.michelle.RecordingUITests;
				PRODUCT_NAME = "$(TARGET_NAME)";
				TEST_TARGET_NAME = Recording;
				USES_XCTRUNNER = YES;
			};
			name = Release;
		};
/* End XCBuildConfiguration section */

/* Begin XCConfigurationList section */
		8C9E0CB91C7270CA00EE6803 /* Build configuration list for PBXProject "Recording" */ = {
			isa = XCConfigurationList;
			buildConfigurations = (
				8C9E0CE41C7270CB00EE6803 /* Debug */,
				8C9E0CE51C7270CB00EE6803 /* Release */,
			);
			defaultConfigurationIsVisible = 0;
			defaultConfigurationName = Release;
		};
		8C9E0CE61C7270CB00EE6803 /* Build configuration list for PBXNativeTarget "Recording" */ = {
			isa = XCConfigurationList;
			buildConfigurations = (
				8C9E0CE71C7270CB00EE6803 /* Debug */,
				8C9E0CE81C7270CB00EE6803 /* Release */,
			);
			defaultConfigurationIsVisible = 0;
		};
		8C9E0CE91C7270CB00EE6803 /* Build configuration list for PBXNativeTarget "RecordingTests" */ = {
			isa = XCConfigurationList;
			buildConfigurations = (
				8C9E0CEA1C7270CB00EE6803 /* Debug */,
				8C9E0CEB1C7270CB00EE6803 /* Release */,
			);
			defaultConfigurationIsVisible = 0;
		};
		8C9E0CEC1C7270CB00EE6803 /* Build configuration list for PBXNativeTarget "RecordingUITests" */ = {
			isa = XCConfigurationList;
			buildConfigurations = (
				8C9E0CED1C7270CB00EE6803 /* Debug */,
				8C9E0CEE1C7270CB00EE6803 /* Release */,
			);
			defaultConfigurationIsVisible = 0;
		};
/* End XCConfigurationList section */
	};
	rootObject = 8C9E0CB61C7270CA00EE6803 /* Project object */;
}
